{
  "name": "reason-apollo-server",
  "version": "0.0.1",
  "lockfileVersion": 1,
  "requires": true,
  "dependencies": {
    "@types/zen-observable": {
      "version": "0.5.3",
      "resolved": "https://registry.npmjs.org/@types/zen-observable/-/zen-observable-0.5.3.tgz",
      "integrity": "sha512-aDvGDAHcVfUqNmd8q4//cHAP+HGxsbChbBbuk3+kMVk5TTxfWLpQWvVN3+UPjohLnwMYN7jr6BWNn2cYNqdm7g=="
    },
    "apollo-link": {
      "version": "1.0.7",
      "resolved": "https://registry.npmjs.org/apollo-link/-/apollo-link-1.0.7.tgz",
      "integrity": "sha512-oHzvpIDEy4UCNdbOw42wtOK1zOzdMrt4ulYyon24zT24MjicezTmXqJh2mR6whTl8RiUDLDY4ByusdKKXdcqHw==",
      "requires": {
        "@types/zen-observable": "0.5.3",
        "apollo-utilities": "1.0.4",
        "zen-observable": "0.6.1"
      }
    },
    "apollo-utilities": {
      "version": "1.0.4",
      "resolved": "https://registry.npmjs.org/apollo-utilities/-/apollo-utilities-1.0.4.tgz",
      "integrity": "sha512-QnxSxRuJLCpa91P2Tzi3PCdpPydpBEawsHedr/hW7QrgOpn1fOicxgVrzhxt/au9rXSopwyDTBsGa7wEvz+DQQ=="
    },
    "deprecated-decorator": {
      "version": "0.1.6",
      "resolved": "https://registry.npmjs.org/deprecated-decorator/-/deprecated-decorator-0.1.6.tgz",
      "integrity": "sha1-AJZjF7ehL+kvPMgx91g68ym4bDc="
    },
    "es6-promise": {
      "version": "4.2.4",
      "resolved": "https://registry.npmjs.org/es6-promise/-/es6-promise-4.2.4.tgz",
      "integrity": "sha512-/NdNZVJg+uZgtm9eS3O6lrOLYmQag2DjdEXuPaHlZ6RuVqgqaVZfgYCepEIKsLqwdQArOPtC3XzRLqGGfT8KQQ=="
    },
    "graphql-subscriptions": {
      "version": "0.5.6",
      "resolved": "https://registry.npmjs.org/graphql-subscriptions/-/graphql-subscriptions-0.5.6.tgz",
      "integrity": "sha512-LQW9cg0/L/yBMEJFsQwKhDCJifPGh8oWZz29Tzq4DVEwwS65O0Om0YGB1FbK/hP9/lINdEk91khHAKJv3OLGxQ==",
      "requires": {
        "es6-promise": "4.2.4",
        "iterall": "1.1.3"
      }
    },
    "graphql-tools": {
      "version": "2.19.0",
      "resolved": "https://registry.npmjs.org/graphql-tools/-/graphql-tools-2.19.0.tgz",
      "integrity": "sha512-zsBOr++PS8Bnsp55SBuvOIwEDYFDdApX1zwkMJkIGZBfSAMeg5FempSMjMe5u6/kb7gCJrk1bDMNnRpW+VmndQ==",
      "requires": {
        "apollo-link": "1.0.7",
        "apollo-utilities": "1.0.4",
        "deprecated-decorator": "0.1.6",
        "graphql-subscriptions": "0.5.6",
        "uuid": "3.2.1"
      }
    },
    "iterall": {
      "version": "1.1.3",
      "resolved": "https://registry.npmjs.org/iterall/-/iterall-1.1.3.tgz",
      "integrity": "sha512-Cu/kb+4HiNSejAPhSaN1VukdNTTi/r4/e+yykqjlG/IW+1gZH5b4+Bq3whDX4tvbYugta3r8KTMUiqT3fIGxuQ=="
    },
    "uuid": {
      "version": "3.2.1",
      "resolved": "https://registry.npmjs.org/uuid/-/uuid-3.2.1.tgz",
      "integrity": "sha512-jZnMwlb9Iku/O3smGWvZhauCf6cvvpKi4BKRiliS3cxnI+Gz9j5MEpTz2UFuXiKPJocb7gnsLHwiS05ige5BEA=="
    },
    "zen-observable": {
      "version": "0.6.1",
      "resolved": "https://registry.npmjs.org/zen-observable/-/zen-observable-0.6.1.tgz",
      "integrity": "sha512-DKjFTL7siVLIUMZOFZ0alqMEdTsXPUxoCZzrvB2tdWEVN/6606Qh1nCfSTCAOZMrtcPzzFI3BXmwBKLAew52NA=="
    }
  }
}
